
Microsoft Visual Studio Solution File, Format Version 12.00
# Visual Studio Version 17
VisualStudioVersion = 17.4.33205.214
MinimumVisualStudioVersion = 10.0.40219.1
Project("{FAE04EC0-301F-11D3-BF4B-00C04F79EFBC}") = "01_EFC", "01_EFC\01_EFC.csproj", "{08C4F0A7-88C6-4AEF-8F7B-13A6E6BEAE94}"
EndProject
Global
	GlobalSection(SolutionConfigurationPlatforms) = preSolution
		Debug|Any CPU = Debug|Any CPU
		Release|Any CPU = Release|Any CPU
	EndGlobalSection
	GlobalSection(ProjectConfigurationPlatforms) = postSolution
		{08C4F0A7-88C6-4AEF-8F7B-13A6E6BEAE94}.Debug|Any CPU.ActiveCfg = Debug|Any CPU
		{08C4F0A7-88C6-4AEF-8F7B-13A6E6BEAE94}.Debug|Any CPU.Build.0 = Debug|Any CPU
		{08C4F0A7-88C6-4AEF-8F7B-13A6E6BEAE94}.Release|Any CPU.ActiveCfg = Release|Any CPU
		{08C4F0A7-88C6-4AEF-8F7B-13A6E6BEAE94}.Release|Any CPU.Build.0 = Release|Any CPU
	EndGlobalSection
	GlobalSection(SolutionProperties) = preSolution
		HideSolutionNode = FALSE
	EndGlobalSection
	GlobalSection(ExtensibilityGlobals) = postSolution
		SolutionGuid = {33D46100-1172-49E1-81BF-344DF61E8E92}
	EndGlobalSection
EndGlobal
